{
  "version": 2,
  "dependencies": {
    "net8.0": {
      "opensearch.net": {
        "type": "Project",
        "dependencies": {
          "System.Diagnostics.DiagnosticSource": "[10.0.8, )"
        }
      },
      "System.Diagnostics.DiagnosticSource": {
        "type": "CentralTransitive",
        "requested": "[10.0.8, )",
        "resolved": "10.0.8",
        "contentHash": "rQHsK7Xr8Uz3449860ayVXp/CaLmrhHlMPxbpT/ibOPtp/dTTsr6+f/SxaGO2NzxHf+0siLE0UfdVN5z1I0EgQ=="
      }
    },
    "net8.0/linux-x64": {},
    "net8.0/win-x64": {}
  }
}