{
  "name": ".opencode",
  "lockfileVersion": 2,
  "requires": true,
  "packages": {
    "": {
      "dependencies": {
        "@opencode-ai/plugin": "1.1.48"
      }
    },
    "node_modules/@opencode-ai/plugin": {
      "version": "1.1.48",
      "resolved": "https://registry.npmjs.org/@opencode-ai/plugin/-/plugin-1.1.48.tgz",
      "integrity": "sha512-KkaSMevXmz7tOwYDMJeWiXE5N8LmRP18qWI5Xhv3+c+FdGPL+l1hQrjSgyv3k7Co7qpCyW3kAUESBB7BzIOl2w==",
      "dependencies": {
        "@opencode-ai/sdk": "1.1.48",
        "zod": "4.1.8"
      }
    },
    "node_modules/@opencode-ai/sdk": {
      "version": "1.1.48",
      "resolved": "https://registry.npmjs.org/@opencode-ai/sdk/-/sdk-1.1.48.tgz",
      "integrity": "sha512-j5/79X45fUPWVD2Ffm/qvwLclDCdPeV+TYMDrm9to0p4pmzhmeKevCsyiRdLg0o0HE3AFRUnOo2rdO9NetN79A=="
    },
    "node_modules/zod": {
      "version": "4.1.8",
      "license": "MIT",
      "funding": {
        "url": "https://github.com/sponsors/colinhacks"
      }
    }
  },
  "dependencies": {
    "@opencode-ai/plugin": {
      "version": "1.1.48",
      "resolved": "https://registry.npmjs.org/@opencode-ai/plugin/-/plugin-1.1.48.tgz",
      "integrity": "sha512-KkaSMevXmz7tOwYDMJeWiXE5N8LmRP18qWI5Xhv3+c+FdGPL+l1hQrjSgyv3k7Co7qpCyW3kAUESBB7BzIOl2w==",
      "requires": {
        "@opencode-ai/sdk": "1.1.48",
        "zod": "4.1.8"
      }
    },
    "@opencode-ai/sdk": {
      "version": "1.1.48",
      "resolved": "https://registry.npmjs.org/@opencode-ai/sdk/-/sdk-1.1.48.tgz",
      "integrity": "sha512-j5/79X45fUPWVD2Ffm/qvwLclDCdPeV+TYMDrm9to0p4pmzhmeKevCsyiRdLg0o0HE3AFRUnOo2rdO9NetN79A=="
    },
    "zod": {
      "version": "4.1.8"
    }
  }
}
