{
  "version": 2,
  "dependencies": {
    "net8.0": {
      "System.Diagnostics.DiagnosticSource": {
        "type": "Direct",
        "requested": "[10.0.0, )",
        "resolved": "10.0.0",
        "contentHash": "0KdBK+h7G13PuOSC2R/DalAoFMvdYMznvGRuICtkdcUMXgl/gYXsG6z4yUvTxHSMACorWgHCU1Faq0KUHU6yAQ=="
      }
    },
    "net8.0/linux-x64": {},
    "net8.0/win-x64": {}
  }
}